
Microsoft Visual Studio Solution File, Format Version 12.00
# Visual Studio Version 17
VisualStudioVersion = 17.1.32228.430
MinimumVisualStudioVersion = 10.0.40219.1
Project("{2150E333-8FDC-42A3-9474-1A3956D46DE8}") = "Doc", "Doc", "{18F2DE0A-4BB0-4E47-89C3-C41C449A3445}"
EndProject
Project("{2150E333-8FDC-42A3-9474-1A3956D46DE8}") = "Src", "Src", "{002E0843-78EA-4962-99DB-0304E7F221E1}"
EndProject
Project("{2150E333-8FDC-42A3-9474-1A3956D46DE8}") = "Test", "Test", "{36044CE8-4A70-4A7C-95D7-6A2906CA98C7}"
EndProject
Project("{2150E333-8FDC-42A3-9474-1A3956D46DE8}") = "Common", "Common", "{EA9146CD-C4F3-4B2C-AA57-B2ECD5783FD6}"
EndProject
Project("{2150E333-8FDC-42A3-9474-1A3956D46DE8}") = "Core", "Core", "{3F0DA78C-DACF-4243-A96F-EB06A39681EF}"
EndProject
Project("{2150E333-8FDC-42A3-9474-1A3956D46DE8}") = "Infrastructure", "Infrastructure", "{E704BC86-C422-4801-A012-2BDE0839C05C}"
EndProject
Project("{2150E333-8FDC-42A3-9474-1A3956D46DE8}") = "Presentation", "Presentation", "{EEAEB74A-635A-4253-AD31-5D0B5D93211D}"
EndProject
Project("{9A19103F-16F7-4668-BE54-9A1E7A4F7556}") = "EndPoint.Site", "EndPoint.Site\EndPoint.Site.csproj", "{2F358557-03D0-49CE-91AD-D2C95706BE15}"
EndProject
Project("{9A19103F-16F7-4668-BE54-9A1E7A4F7556}") = "Fotros_Store.Common", "Fotros_Store.Common\Fotros_Store.Common.csproj", "{FB6AF4A4-C04C-4114-8F19-63B1F48473E1}"
EndProject
Project("{9A19103F-16F7-4668-BE54-9A1E7A4F7556}") = "Fotros_Store.Application", "Fotros_Store.Application\Fotros_Store.Application.csproj", "{446CF77B-0CB8-44B4-BE32-70D79D7D9A60}"
EndProject
Project("{FAE04EC0-301F-11D3-BF4B-00C04F79EFBC}") = "Fotros_Store.Domain", "Fotros_Store.Domain\Fotros_Store.Domain.csproj", "{4C98CE42-83BB-4711-A365-FB38778C7866}"
EndProject
Project("{FAE04EC0-301F-11D3-BF4B-00C04F79EFBC}") = "Fotros_Store.Infrastructure", "Fotros_Store.Infrastructure\Fotros_Store.Infrastructure.csproj", "{0FAC8D6E-2F8D-4259-8A94-E6B7142A0039}"
EndProject
Project("{FAE04EC0-301F-11D3-BF4B-00C04F79EFBC}") = "Fotros_Store.Persistence", "Fotros_Store.Persistence\Fotros_Store.Persistence.csproj", "{EA388693-C1EB-4FFE-B50B-ACDA37A24E4C}"
EndProject
Global
	GlobalSection(SolutionConfigurationPlatforms) = preSolution
		Debug|Any CPU = Debug|Any CPU
		Release|Any CPU = Release|Any CPU
	EndGlobalSection
	GlobalSection(ProjectConfigurationPlatforms) = postSolution
		{2F358557-03D0-49CE-91AD-D2C95706BE15}.Debug|Any CPU.ActiveCfg = Debug|Any CPU
		{2F358557-03D0-49CE-91AD-D2C95706BE15}.Debug|Any CPU.Build.0 = Debug|Any CPU
		{2F358557-03D0-49CE-91AD-D2C95706BE15}.Release|Any CPU.ActiveCfg = Release|Any CPU
		{2F358557-03D0-49CE-91AD-D2C95706BE15}.Release|Any CPU.Build.0 = Release|Any CPU
		{FB6AF4A4-C04C-4114-8F19-63B1F48473E1}.Debug|Any CPU.ActiveCfg = Debug|Any CPU
		{FB6AF4A4-C04C-4114-8F19-63B1F48473E1}.Debug|Any CPU.Build.0 = Debug|Any CPU
		{FB6AF4A4-C04C-4114-8F19-63B1F48473E1}.Release|Any CPU.ActiveCfg = Release|Any CPU
		{FB6AF4A4-C04C-4114-8F19-63B1F48473E1}.Release|Any CPU.Build.0 = Release|Any CPU
		{446CF77B-0CB8-44B4-BE32-70D79D7D9A60}.Debug|Any CPU.ActiveCfg = Debug|Any CPU
		{446CF77B-0CB8-44B4-BE32-70D79D7D9A60}.Debug|Any CPU.Build.0 = Debug|Any CPU
		{446CF77B-0CB8-44B4-BE32-70D79D7D9A60}.Release|Any CPU.ActiveCfg = Release|Any CPU
		{446CF77B-0CB8-44B4-BE32-70D79D7D9A60}.Release|Any CPU.Build.0 = Release|Any CPU
		{4C98CE42-83BB-4711-A365-FB38778C7866}.Debug|Any CPU.ActiveCfg = Debug|Any CPU
		{4C98CE42-83BB-4711-A365-FB38778C7866}.Debug|Any CPU.Build.0 = Debug|Any CPU
		{4C98CE42-83BB-4711-A365-FB38778C7866}.Release|Any CPU.ActiveCfg = Release|Any CPU
		{4C98CE42-83BB-4711-A365-FB38778C7866}.Release|Any CPU.Build.0 = Release|Any CPU
		{0FAC8D6E-2F8D-4259-8A94-E6B7142A0039}.Debug|Any CPU.ActiveCfg = Debug|Any CPU
		{0FAC8D6E-2F8D-4259-8A94-E6B7142A0039}.Debug|Any CPU.Build.0 = Debug|Any CPU
		{0FAC8D6E-2F8D-4259-8A94-E6B7142A0039}.Release|Any CPU.ActiveCfg = Release|Any CPU
		{0FAC8D6E-2F8D-4259-8A94-E6B7142A0039}.Release|Any CPU.Build.0 = Release|Any CPU
		{EA388693-C1EB-4FFE-B50B-ACDA37A24E4C}.Debug|Any CPU.ActiveCfg = Debug|Any CPU
		{EA388693-C1EB-4FFE-B50B-ACDA37A24E4C}.Debug|Any CPU.Build.0 = Debug|Any CPU
		{EA388693-C1EB-4FFE-B50B-ACDA37A24E4C}.Release|Any CPU.ActiveCfg = Release|Any CPU
		{EA388693-C1EB-4FFE-B50B-ACDA37A24E4C}.Release|Any CPU.Build.0 = Release|Any CPU
	EndGlobalSection
	GlobalSection(SolutionProperties) = preSolution
		HideSolutionNode = FALSE
	EndGlobalSection
	GlobalSection(NestedProjects) = preSolution
		{EA9146CD-C4F3-4B2C-AA57-B2ECD5783FD6} = {002E0843-78EA-4962-99DB-0304E7F221E1}
		{3F0DA78C-DACF-4243-A96F-EB06A39681EF} = {002E0843-78EA-4962-99DB-0304E7F221E1}
		{E704BC86-C422-4801-A012-2BDE0839C05C} = {002E0843-78EA-4962-99DB-0304E7F221E1}
		{EEAEB74A-635A-4253-AD31-5D0B5D93211D} = {002E0843-78EA-4962-99DB-0304E7F221E1}
		{2F358557-03D0-49CE-91AD-D2C95706BE15} = {EEAEB74A-635A-4253-AD31-5D0B5D93211D}
		{FB6AF4A4-C04C-4114-8F19-63B1F48473E1} = {EA9146CD-C4F3-4B2C-AA57-B2ECD5783FD6}
		{446CF77B-0CB8-44B4-BE32-70D79D7D9A60} = {3F0DA78C-DACF-4243-A96F-EB06A39681EF}
		{4C98CE42-83BB-4711-A365-FB38778C7866} = {3F0DA78C-DACF-4243-A96F-EB06A39681EF}
		{0FAC8D6E-2F8D-4259-8A94-E6B7142A0039} = {E704BC86-C422-4801-A012-2BDE0839C05C}
		{EA388693-C1EB-4FFE-B50B-ACDA37A24E4C} = {E704BC86-C422-4801-A012-2BDE0839C05C}
	EndGlobalSection
	GlobalSection(ExtensibilityGlobals) = postSolution
		SolutionGuid = {E325891D-4669-4030-B216-444ABBE96614}
	EndGlobalSection
EndGlobal
